
Microsoft Visual Studio Solution File, Format Version 12.00
# Visual Studio Version 16
VisualStudioVersion = 16.0.29728.190
MinimumVisualStudioVersion = 10.0.40219.1
Project("{FAE04EC0-301F-11D3-BF4B-00C04F79EFBC}") = "SocketListener", "SocketListener\SocketListener.csproj", "{8A5CCC8E-440E-46EE-BDFB-894B3393E8DC}"
EndProject
Global
	GlobalSection(SolutionConfigurationPlatforms) = preSolution
		Debug|Any CPU = Debug|Any CPU
		Release|Any CPU = Release|Any CPU
	EndGlobalSection
	GlobalSection(ProjectConfigurationPlatforms) = postSolution
		{8A5CCC8E-440E-46EE-BDFB-894B3393E8DC}.Debug|Any CPU.ActiveCfg = Debug|Any CPU
		{8A5CCC8E-440E-46EE-BDFB-894B3393E8DC}.Debug|Any CPU.Build.0 = Debug|Any CPU
		{8A5CCC8E-440E-46EE-BDFB-894B3393E8DC}.Release|Any CPU.ActiveCfg = Release|Any CPU
		{8A5CCC8E-440E-46EE-BDFB-894B3393E8DC}.Release|Any CPU.Build.0 = Release|Any CPU
	EndGlobalSection
	GlobalSection(SolutionProperties) = preSolution
		HideSolutionNode = FALSE
	EndGlobalSection
	GlobalSection(ExtensibilityGlobals) = postSolution
		SolutionGuid = {3AD00420-6E51-4DCF-A3CC-9EA12B4A3E40}
	EndGlobalSection
EndGlobal
